dependencies:
- name: postgresql
  repository: oci://docker.io/bitnamicharts
  version: 16.6.6
- name: redis
  repository: oci://docker.io/bitnamicharts
  version: 20.13.4
digest: sha256:981426125c4083e840d637e945ce9c817b0a71fbb4d22bcd7fdbdb8281223a65
generated: "2025-05-01T13:37:19.765872139+02:00"
