dependencies:
- name: postgresql
  repository: oci://docker.io/bitnamicharts
  version: 16.7.5
- name: redis
  repository: oci://docker.io/bitnamicharts
  version: 21.1.6
digest: sha256:ff7888df6b3ca2ff6ebd814117d615f9aa2922e095bd0acb57117c7dfd93ac65
generated: "2025-05-28T07:57:06.425517526+02:00"
