dependencies:
- name: postgresql
  repository: oci://docker.io/bitnamicharts
  version: 16.7.11
- name: redis
  repository: oci://docker.io/bitnamicharts
  version: 21.2.3
digest: sha256:b9d814901bf0819bf1ca3b1d52ddb54eb0a7d20eea8e3a459845f375e73ad6b3
generated: "2025-06-15T09:20:00.252717498+02:00"
