dependencies:
- name: postgresql
  repository: oci://docker.io/bitnamicharts
  version: 16.7.4
- name: redis
  repository: oci://docker.io/bitnamicharts
  version: 21.1.2
digest: sha256:9e105f02a3a5174538a5d7516c9c4c623e89d38d84f2bb7f06d4046c3863dc41
generated: "2025-05-16T08:44:10.446290789+02:00"
