dependencies:
- name: postgresql
  repository: oci://docker.io/bitnamicharts
  version: 16.7.11
- name: redis
  repository: oci://docker.io/bitnamicharts
  version: 21.2.3
digest: sha256:4acc9f196db4b16d60cb5f8960ca8671cac807fbb2068a157692c0ccb7e8f250
generated: "2025-06-15T09:19:40.402378532+02:00"
