dependencies:
- name: postgresql
  repository: oci://docker.io/bitnamicharts
  version: 16.4.3
- name: redis
  repository: oci://docker.io/bitnamicharts
  version: 20.6.3
digest: sha256:dd37b0663f93a21ea0d23e5041b48efef3cef63a051f2942eb095d1b95e63d7d
generated: "2025-01-15T22:06:14.404148475+01:00"
