dependencies:
- name: postgresql
  repository: https://charts.bitnami.com/bitnami
  version: 15.1.2
- name: redis
  repository: https://charts.bitnami.com/bitnami
  version: 19.0.1
digest: sha256:40b1817950d4e4acf6821c510445ddaafd92e9fbc36efe209f1654b4f019009d
generated: "2024-03-21T15:00:36.134445178+01:00"
